// !$*UTF8*$!
{
	archiveVersion = 1;
	classes = {
	};
	objectVersion = 46;
	objects = {

/* Begin PBXBuildFile section */
		A19BC8611E2D02DF0075A909 /* NoMarginTextView.swift in Sources */ = {isa = PBXBuildFile; fileRef = A19BC8601E2D02DF0075A909 /* NoMarginTextView.swift */; };
		A1A840E71DD4D766002EE4C8 /* CopyPasteManager.swift in Sources */ = {isa = PBXBuildFile; fileRef = A1A840E61DD4D766002EE4C8 /* CopyPasteManager.swift */; };
		E120F51A1DD5867F007E8E4F /* config.plist in Resources */ = {isa = PBXBuildFile; fileRef = E120F5191DD5867F007E8E4F /* config.plist */; };
		E13F6AE91DD03C5500E1BA98 /* AppDelegate.swift in Sources */ = {isa = PBXBuildFile; fileRef = E13F6AE81DD03C5500E1BA98 /* AppDelegate.swift */; };
		E13F6AEE1DD03C5500E1BA98 /* Main.storyboard in Resources */ = {isa = PBXBuildFile; fileRef = E13F6AEC1DD03C5500E1BA98 /* Main.storyboard */; };
		E13F6AF01DD03C5500E1BA98 /* Assets.xcassets in Resources */ = {isa = PBXBuildFile; fileRef = E13F6AEF1DD03C5500E1BA98 /* Assets.xcassets */; };
		E13F6AF31DD03C5500E1BA98 /* LaunchScreen.storyboard in Resources */ = {isa = PBXBuildFile; fileRef = E13F6AF11DD03C5500E1BA98 /* LaunchScreen.storyboard */; };
		E13F6AFE1DD03C5500E1BA98 /* KoguryoTests.swift in Sources */ = {isa = PBXBuildFile; fileRef = E13F6AFD1DD03C5500E1BA98 /* KoguryoTests.swift */; };
		E13F6B0A1DD03E5F00E1BA98 /* MemoListViewController.swift in Sources */ = {isa = PBXBuildFile; fileRef = E13F6B091DD03E5F00E1BA98 /* MemoListViewController.swift */; };
		E13F6B0C1DD03E7600E1BA98 /* WriteMemoViewController.swift in Sources */ = {isa = PBXBuildFile; fileRef = E13F6B0B1DD03E7600E1BA98 /* WriteMemoViewController.swift */; };
		E13F6B101DD0457900E1BA98 /* MemoListSection.swift in Sources */ = {isa = PBXBuildFile; fileRef = E13F6B0F1DD0457900E1BA98 /* MemoListSection.swift */; };
		E13F6B141DD04DF300E1BA98 /* MemoManager.swift in Sources */ = {isa = PBXBuildFile; fileRef = E13F6B131DD04DF300E1BA98 /* MemoManager.swift */; };
		E13F6B211DD0519800E1BA98 /* Localizable.strings in Resources */ = {isa = PBXBuildFile; fileRef = E13F6B231DD0519800E1BA98 /* Localizable.strings */; };
		E13F6B281DD0537900E1BA98 /* CopyTextButtonTableViewCell.swift in Sources */ = {isa = PBXBuildFile; fileRef = E13F6B261DD0537900E1BA98 /* CopyTextButtonTableViewCell.swift */; };
		E13F6B2C1DD053A000E1BA98 /* MemoListTableViewCell.swift in Sources */ = {isa = PBXBuildFile; fileRef = E13F6B2A1DD053A000E1BA98 /* MemoListTableViewCell.swift */; };
		E17C20E41DD1A40B003AD7F2 /* ProgressHudManager.swift in Sources */ = {isa = PBXBuildFile; fileRef = E17C20E31DD1A40B003AD7F2 /* ProgressHudManager.swift */; };
		E17C20E81DD1A990003AD7F2 /* Animationable.swift in Sources */ = {isa = PBXBuildFile; fileRef = E17C20E71DD1A990003AD7F2 /* Animationable.swift */; };
		E17C20EA1DD1AA6E003AD7F2 /* StoryboardManager.swift in Sources */ = {isa = PBXBuildFile; fileRef = E17C20E91DD1AA6E003AD7F2 /* StoryboardManager.swift */; };
		E1805DE21DDC3CAA00867240 /* GroupKey.swift in Sources */ = {isa = PBXBuildFile; fileRef = E1805DE11DDC3CAA00867240 /* GroupKey.swift */; };
		E1805DE31DDC3F9B00867240 /* GroupKey.swift in Sources */ = {isa = PBXBuildFile; fileRef = E1805DE11DDC3CAA00867240 /* GroupKey.swift */; };
		E1805DE81DDC49FD00867240 /* Memo.swift in Sources */ = {isa = PBXBuildFile; fileRef = E1805DE71DDC49FD00867240 /* Memo.swift */; };
		E1805DE91DDC4C6D00867240 /* MemoListTableViewCell.xib in Resources */ = {isa = PBXBuildFile; fileRef = E1805DEB1DDC4C6D00867240 /* MemoListTableViewCell.xib */; };
		E1935B3E1DD30CED00021E35 /* NotificationCenter.framework in Frameworks */ = {isa = PBXBuildFile; fileRef = E1935B3D1DD30CED00021E35 /* NotificationCenter.framework */; };
		E1935B411DD30CED00021E35 /* TodayViewController.swift in Sources */ = {isa = PBXBuildFile; fileRef = E1935B401DD30CED00021E35 /* TodayViewController.swift */; };
		E1935B441DD30CED00021E35 /* MainInterface.storyboard in Resources */ = {isa = PBXBuildFile; fileRef = E1935B421DD30CED00021E35 /* MainInterface.storyboard */; };
		E1935B481DD30CED00021E35 /* ClipboardExtension.appex in Embed App Extensions */ = {isa = PBXBuildFile; fileRef = E1935B3C1DD30CED00021E35 /* ClipboardExtension.appex */; settings = {ATTRIBUTES = (RemoveHeadersOnCopy, ); }; };
		E1935B501DD30E0F00021E35 /* AddMemoButtonTableViewCell.swift in Sources */ = {isa = PBXBuildFile; fileRef = E1935B4E1DD30E0F00021E35 /* AddMemoButtonTableViewCell.swift */; };
		E1935B541DD30E1A00021E35 /* MemoListTableViewCell.swift in Sources */ = {isa = PBXBuildFile; fileRef = E1935B521DD30E1A00021E35 /* MemoListTableViewCell.swift */; };
		E1935B551DD30E1A00021E35 /* MemoListTableViewCell.xib in Resources */ = {isa = PBXBuildFile; fileRef = E1935B531DD30E1A00021E35 /* MemoListTableViewCell.xib */; };
		E1935B571DD3151F00021E35 /* Assets.xcassets in Resources */ = {isa = PBXBuildFile; fileRef = E1935B561DD3151F00021E35 /* Assets.xcassets */; };
		E1AC86681DDBEC7D00B9914A /* AddMemoButtonTableViewCell.xib in Resources */ = {isa = PBXBuildFile; fileRef = E1AC866A1DDBEC7D00B9914A /* AddMemoButtonTableViewCell.xib */; };
		E1AC86731DDBED0600B9914A /* CopyTextButtonTableViewCell.xib in Resources */ = {isa = PBXBuildFile; fileRef = E1AC86751DDBED0600B9914A /* CopyTextButtonTableViewCell.xib */; };
		E1AC86851DDBF4B200B9914A /* Localizable.strings in Resources */ = {isa = PBXBuildFile; fileRef = E1AC86871DDBF4B200B9914A /* Localizable.strings */; };
		E1C4F9D91DD1621B0017F8DA /* PlaceholderTextView.swift in Sources */ = {isa = PBXBuildFile; fileRef = E1C4F9D81DD1621B0017F8DA /* PlaceholderTextView.swift */; };
		E1CE48BA1DD957A10035F5E1 /* StringExtension.swift in Sources */ = {isa = PBXBuildFile; fileRef = E1CE48B91DD957A10035F5E1 /* StringExtension.swift */; };
		E1EA46F21DDC1FB800B3F098 /* UIViewControllerAlert.swift in Sources */ = {isa = PBXBuildFile; fileRef = E1EA46F11DDC1FB800B3F098 /* UIViewControllerAlert.swift */; };
		E1F594471DD555AB0052C44D /* MemoRealmTests.swift in Sources */ = {isa = PBXBuildFile; fileRef = E1F594461DD555AB0052C44D /* MemoRealmTests.swift */; };
		E1F5944A1DD557F20052C44D /* RealmMemo.swift in Sources */ = {isa = PBXBuildFile; fileRef = E1F594491DD557F20052C44D /* RealmMemo.swift */; };
		E1F84B801DDC5DC8003B4368 /* MemoListFooterView.swift in Sources */ = {isa = PBXBuildFile; fileRef = E1F84B7F1DDC5DC8003B4368 /* MemoListFooterView.swift */; };
		E1F84B811DDC6195003B4368 /* MemoListFooterView.xib in Resources */ = {isa = PBXBuildFile; fileRef = E1F84B831DDC6195003B4368 /* MemoListFooterView.xib */; };
		E1FFADE81DD19B14000AA173 /* WriteMemoViewControllerElementsManager.swift in Sources */ = {isa = PBXBuildFile; fileRef = E1FFADE71DD19B14000AA173 /* WriteMemoViewControllerElementsManager.swift */; };
		E1FFADEA1DD19D62000AA173 /* PlaceholderTextField.swift in Sources */ = {isa = PBXBuildFile; fileRef = E1FFADE91DD19D62000AA173 /* PlaceholderTextField.swift */; };
		F7218D066B930892B3DB4265 /* Pods_Koguryo.framework in Frameworks */ = {isa = PBXBuildFile; fileRef = E419A0B0961458AD3CA031F8 /* Pods_Koguryo.framework */; };
		F7F606F050F2A456664BDCF1 /* Pods_KoguryoTests.framework in Frameworks */ = {isa = PBXBuildFile; fileRef = F01CFD58BB2EA45E1A8518DC /* Pods_KoguryoTests.framework */; };
/* End PBXBuildFile section */

/* Begin PBXContainerItemProxy section */
		E13F6AFA1DD03C5500E1BA98 /* PBXContainerItemProxy */ = {
			isa = PBXContainerItemProxy;
			containerPortal = E13F6ADD1DD03C5500E1BA98 /* Project object */;
			proxyType = 1;
			remoteGlobalIDString = E13F6AE41DD03C5500E1BA98;
			remoteInfo = Koguryo;
		};
		E1935B461DD30CED00021E35 /* PBXContainerItemProxy */ = {
			isa = PBXContainerItemProxy;
			containerPortal = E13F6ADD1DD03C5500E1BA98 /* Project object */;
			proxyType = 1;
			remoteGlobalIDString = E1935B3B1DD30CED00021E35;
			remoteInfo = ClipboardExtension;
		};
/* End PBXContainerItemProxy section */

/* Begin PBXCopyFilesBuildPhase section */
		E1935B4C1DD30CED00021E35 /* Embed App Extensions */ = {
			isa = PBXCopyFilesBuildPhase;
			buildActionMask = 2147483647;
			dstPath = "";
			dstSubfolderSpec = 13;
			files = (
				E1935B481DD30CED00021E35 /* ClipboardExtension.appex in Embed App Extensions */,
			);
			name = "Embed App Extensions";
			runOnlyForDeploymentPostprocessing = 0;
		};
/* End PBXCopyFilesBuildPhase section */

/* Begin PBXFileReference section */
		658B6E14CA1E482035C768FB /* Pods-Koguryo.debug.xcconfig */ = {isa = PBXFileReference; includeInIndex = 1; lastKnownFileType = text.xcconfig; name = "Pods-Koguryo.debug.xcconfig"; path = "Pods/Target Support Files/Pods-Koguryo/Pods-Koguryo.debug.xcconfig"; sourceTree = "<group>"; };
		711A1B15B8FF31AF6EAA448D /* Pods-KoguryoTests.release.xcconfig */ = {isa = PBXFileReference; includeInIndex = 1; lastKnownFileType = text.xcconfig; name = "Pods-KoguryoTests.release.xcconfig"; path = "Pods/Target Support Files/Pods-KoguryoTests/Pods-KoguryoTests.release.xcconfig"; sourceTree = "<group>"; };
		A164C6661E20D7FD00089F5C /* ko */ = {isa = PBXFileReference; lastKnownFileType = text.plist.strings; name = ko; path = ko.lproj/CopyTextButtonTableViewCell.strings; sourceTree = "<group>"; };
		A164C6671E20D80000089F5C /* ja */ = {isa = PBXFileReference; lastKnownFileType = text.plist.strings; name = ja; path = ja.lproj/CopyTextButtonTableViewCell.strings; sourceTree = "<group>"; };
		A19BC8601E2D02DF0075A909 /* NoMarginTextView.swift */ = {isa = PBXFileReference; fileEncoding = 4; lastKnownFileType = sourcecode.swift; path = NoMarginTextView.swift; sourceTree = "<group>"; };
		A1A840E61DD4D766002EE4C8 /* CopyPasteManager.swift */ = {isa = PBXFileReference; fileEncoding = 4; lastKnownFileType = sourcecode.swift; path = CopyPasteManager.swift; sourceTree = "<group>"; };
		B5B6E82D578A33C0C8236FD7 /* Pods-KoguryoTests.debug.xcconfig */ = {isa = PBXFileReference; includeInIndex = 1; lastKnownFileType = text.xcconfig; name = "Pods-KoguryoTests.debug.xcconfig"; path = "Pods/Target Support Files/Pods-KoguryoTests/Pods-KoguryoTests.debug.xcconfig"; sourceTree = "<group>"; };
		DDC01097025F47DA7B666491 /* Pods-Koguryo.release.xcconfig */ = {isa = PBXFileReference; includeInIndex = 1; lastKnownFileType = text.xcconfig; name = "Pods-Koguryo.release.xcconfig"; path = "Pods/Target Support Files/Pods-Koguryo/Pods-Koguryo.release.xcconfig"; sourceTree = "<group>"; };
		E120F5191DD5867F007E8E4F /* config.plist */ = {isa = PBXFileReference; fileEncoding = 4; lastKnownFileType = text.plist.xml; path = config.plist; sourceTree = "<group>"; };
		E13A44761DD3336C005A0CD9 /* ClipboardExtension.entitlements */ = {isa = PBXFileReference; lastKnownFileType = text.plist.entitlements; path = ClipboardExtension.entitlements; sourceTree = "<group>"; };
		E13F6AE51DD03C5500E1BA98 /* Koguryo.app */ = {isa = PBXFileReference; explicitFileType = wrapper.application; includeInIndex = 0; path = Koguryo.app; sourceTree = BUILT_PRODUCTS_DIR; };
		E13F6AE81DD03C5500E1BA98 /* AppDelegate.swift */ = {isa = PBXFileReference; lastKnownFileType = sourcecode.swift; path = AppDelegate.swift; sourceTree = "<group>"; };
		E13F6AED1DD03C5500E1BA98 /* Base */ = {isa = PBXFileReference; lastKnownFileType = file.storyboard; name = Base; path = Base.lproj/Main.storyboard; sourceTree = "<group>"; };
		E13F6AEF1DD03C5500E1BA98 /* Assets.xcassets */ = {isa = PBXFileReference; lastKnownFileType = folder.assetcatalog; path = Assets.xcassets; sourceTree = "<group>"; };
		E13F6AF21DD03C5500E1BA98 /* Base */ = {isa = PBXFileReference; lastKnownFileType = file.storyboard; name = Base; path = Base.lproj/LaunchScreen.storyboard; sourceTree = "<group>"; };
		E13F6AF41DD03C5500E1BA98 /* Info.plist */ = {isa = PBXFileReference; lastKnownFileType = text.plist.xml; path = Info.plist; sourceTree = "<group>"; };
		E13F6AF91DD03C5500E1BA98 /* KoguryoTests.xctest */ = {isa = PBXFileReference; explicitFileType = wrapper.cfbundle; includeInIndex = 0; path = KoguryoTests.xctest; sourceTree = BUILT_PRODUCTS_DIR; };
		E13F6AFD1DD03C5500E1BA98 /* KoguryoTests.swift */ = {isa = PBXFileReference; lastKnownFileType = sourcecode.swift; path = KoguryoTests.swift; sourceTree = "<group>"; };
		E13F6AFF1DD03C5500E1BA98 /* Info.plist */ = {isa = PBXFileReference; lastKnownFileType = text.plist.xml; path = Info.plist; sourceTree = "<group>"; };
		E13F6B091DD03E5F00E1BA98 /* MemoListViewController.swift */ = {isa = PBXFileReference; fileEncoding = 4; lastKnownFileType = sourcecode.swift; path = MemoListViewController.swift; sourceTree = "<group>"; };
		E13F6B0B1DD03E7600E1BA98 /* WriteMemoViewController.swift */ = {isa = PBXFileReference; fileEncoding = 4; lastKnownFileType = sourcecode.swift; path = WriteMemoViewController.swift; sourceTree = "<group>"; };
		E13F6B0F1DD0457900E1BA98 /* MemoListSection.swift */ = {isa = PBXFileReference; fileEncoding = 4; lastKnownFileType = sourcecode.swift; path = MemoListSection.swift; sourceTree = "<group>"; };
		E13F6B131DD04DF300E1BA98 /* MemoManager.swift */ = {isa = PBXFileReference; fileEncoding = 4; lastKnownFileType = sourcecode.swift; path = MemoManager.swift; sourceTree = "<group>"; };
		E13F6B1E1DD0515800E1BA98 /* ko */ = {isa = PBXFileReference; lastKnownFileType = text.plist.strings; name = ko; path = ko.lproj/LaunchScreen.strings; sourceTree = "<group>"; };
		E13F6B221DD0519800E1BA98 /* Base */ = {isa = PBXFileReference; lastKnownFileType = text.plist.strings; name = Base; path = Base.lproj/Localizable.strings; sourceTree = "<group>"; };
		E13F6B241DD0519E00E1BA98 /* en */ = {isa = PBXFileReference; lastKnownFileType = text.plist.strings; name = en; path = en.lproj/Localizable.strings; sourceTree = "<group>"; };
		E13F6B251DD0519F00E1BA98 /* ko */ = {isa = PBXFileReference; lastKnownFileType = text.plist.strings; name = ko; path = ko.lproj/Localizable.strings; sourceTree = "<group>"; };
		E13F6B261DD0537900E1BA98 /* CopyTextButtonTableViewCell.swift */ = {isa = PBXFileReference; fileEncoding = 4; lastKnownFileType = sourcecode.swift; path = CopyTextButtonTableViewCell.swift; sourceTree = "<group>"; };
		E13F6B2A1DD053A000E1BA98 /* MemoListTableViewCell.swift */ = {isa = PBXFileReference; fileEncoding = 4; lastKnownFileType = sourcecode.swift; path = MemoListTableViewCell.swift; sourceTree = "<group>"; };
		E14B14311DD2AC2800BFDC50 /* ja */ = {isa = PBXFileReference; lastKnownFileType = text.plist.strings; name = ja; path = ja.lproj/Main.strings; sourceTree = "<group>"; };
		E14B14321DD2AC2800BFDC50 /* ja */ = {isa = PBXFileReference; lastKnownFileType = text.plist.strings; name = ja; path = ja.lproj/LaunchScreen.strings; sourceTree = "<group>"; };
		E14B14331DD2AC2800BFDC50 /* ja */ = {isa = PBXFileReference; lastKnownFileType = text.plist.strings; name = ja; path = ja.lproj/Localizable.strings; sourceTree = "<group>"; };
		E159B3421DD975D300211901 /* Koguryo-Bridging-Header.h */ = {isa = PBXFileReference; lastKnownFileType = sourcecode.c.h; path = "Koguryo-Bridging-Header.h"; sourceTree = "<group>"; };
		E17C20E31DD1A40B003AD7F2 /* ProgressHudManager.swift */ = {isa = PBXFileReference; fileEncoding = 4; lastKnownFileType = sourcecode.swift; path = ProgressHudManager.swift; sourceTree = "<group>"; };
		E17C20E71DD1A990003AD7F2 /* Animationable.swift */ = {isa = PBXFileReference; fileEncoding = 4; lastKnownFileType = sourcecode.swift; path = Animationable.swift; sourceTree = "<group>"; };
		E17C20E91DD1AA6E003AD7F2 /* StoryboardManager.swift */ = {isa = PBXFileReference; fileEncoding = 4; lastKnownFileType = sourcecode.swift; path = StoryboardManager.swift; sourceTree = "<group>"; };
		E1805DE11DDC3CAA00867240 /* GroupKey.swift */ = {isa = PBXFileReference; fileEncoding = 4; lastKnownFileType = sourcecode.swift; path = GroupKey.swift; sourceTree = "<group>"; };
		E1805DE71DDC49FD00867240 /* Memo.swift */ = {isa = PBXFileReference; fileEncoding = 4; lastKnownFileType = sourcecode.swift; path = Memo.swift; sourceTree = "<group>"; };
		E1805DEA1DDC4C6D00867240 /* Base */ = {isa = PBXFileReference; lastKnownFileType = file.xib; name = Base; path = Base.lproj/MemoListTableViewCell.xib; sourceTree = "<group>"; };
		E1805DED1DDC4C6F00867240 /* en */ = {isa = PBXFileReference; lastKnownFileType = text.plist.strings; name = en; path = en.lproj/MemoListTableViewCell.strings; sourceTree = "<group>"; };
		E1805DEF1DDC4C7000867240 /* ko */ = {isa = PBXFileReference; lastKnownFileType = text.plist.strings; name = ko; path = ko.lproj/MemoListTableViewCell.strings; sourceTree = "<group>"; };
		E1805DF11DDC4C7100867240 /* ja */ = {isa = PBXFileReference; lastKnownFileType = text.plist.strings; name = ja; path = ja.lproj/MemoListTableViewCell.strings; sourceTree = "<group>"; };
		E1935B3C1DD30CED00021E35 /* ClipboardExtension.appex */ = {isa = PBXFileReference; explicitFileType = "wrapper.app-extension"; includeInIndex = 0; path = ClipboardExtension.appex; sourceTree = BUILT_PRODUCTS_DIR; };
		E1935B3D1DD30CED00021E35 /* NotificationCenter.framework */ = {isa = PBXFileReference; lastKnownFileType = wrapper.framework; name = NotificationCenter.framework; path = System/Library/Frameworks/NotificationCenter.framework; sourceTree = SDKROOT; };
		E1935B401DD30CED00021E35 /* TodayViewController.swift */ = {isa = PBXFileReference; lastKnownFileType = sourcecode.swift; path = TodayViewController.swift; sourceTree = "<group>"; };
		E1935B431DD30CED00021E35 /* Base */ = {isa = PBXFileReference; lastKnownFileType = file.storyboard; name = Base; path = Base.lproj/MainInterface.storyboard; sourceTree = "<group>"; };
		E1935B451DD30CED00021E35 /* Info.plist */ = {isa = PBXFileReference; lastKnownFileType = text.plist.xml; path = Info.plist; sourceTree = "<group>"; };
		E1935B4E1DD30E0F00021E35 /* AddMemoButtonTableViewCell.swift */ = {isa = PBXFileReference; fileEncoding = 4; lastKnownFileType = sourcecode.swift; path = AddMemoButtonTableViewCell.swift; sourceTree = "<group>"; };
		E1935B521DD30E1A00021E35 /* MemoListTableViewCell.swift */ = {isa = PBXFileReference; fileEncoding = 4; lastKnownFileType = sourcecode.swift; path = MemoListTableViewCell.swift; sourceTree = "<group>"; };
		E1935B531DD30E1A00021E35 /* MemoListTableViewCell.xib */ = {isa = PBXFileReference; fileEncoding = 4; lastKnownFileType = file.xib; path = MemoListTableViewCell.xib; sourceTree = "<group>"; };
		E1935B561DD3151F00021E35 /* Assets.xcassets */ = {isa = PBXFileReference; lastKnownFileType = folder.assetcatalog; path = Assets.xcassets; sourceTree = "<group>"; };
		E1AC86691DDBEC7D00B9914A /* Base */ = {isa = PBXFileReference; lastKnownFileType = file.xib; name = Base; path = Base.lproj/AddMemoButtonTableViewCell.xib; sourceTree = "<group>"; };
		E1AC866C1DDBEC7F00B9914A /* en */ = {isa = PBXFileReference; lastKnownFileType = text.plist.strings; name = en; path = en.lproj/AddMemoButtonTableViewCell.strings; sourceTree = "<group>"; };
		E1AC866E1DDBEC8000B9914A /* ko */ = {isa = PBXFileReference; lastKnownFileType = text.plist.strings; name = ko; path = ko.lproj/AddMemoButtonTableViewCell.strings; sourceTree = "<group>"; };
		E1AC86701DDBEC8200B9914A /* ja */ = {isa = PBXFileReference; lastKnownFileType = text.plist.strings; name = ja; path = ja.lproj/AddMemoButtonTableViewCell.strings; sourceTree = "<group>"; };
		E1AC86721DDBEC9900B9914A /* en */ = {isa = PBXFileReference; lastKnownFileType = text.plist.strings; name = en; path = en.lproj/Main.strings; sourceTree = "<group>"; };
		E1AC86741DDBED0600B9914A /* Base */ = {isa = PBXFileReference; lastKnownFileType = file.xib; name = Base; path = Base.lproj/CopyTextButtonTableViewCell.xib; sourceTree = "<group>"; };
		E1AC86771DDBED0700B9914A /* en */ = {isa = PBXFileReference; lastKnownFileType = text.plist.strings; name = en; path = en.lproj/CopyTextButtonTableViewCell.strings; sourceTree = "<group>"; };
		E1AC867C1DDBEE5B00B9914A /* ko */ = {isa = PBXFileReference; lastKnownFileType = text.plist.strings; name = ko; path = ko.lproj/Main.strings; sourceTree = "<group>"; };
		E1AC867E1DDBEEE600B9914A /* en */ = {isa = PBXFileReference; lastKnownFileType = text.plist.strings; name = en; path = en.lproj/MainInterface.strings; sourceTree = "<group>"; };
		E1AC86801DDBEEE800B9914A /* ko */ = {isa = PBXFileReference; lastKnownFileType = text.plist.strings; name = ko; path = ko.lproj/MainInterface.strings; sourceTree = "<group>"; };
		E1AC86821DDBEEE900B9914A /* ja */ = {isa = PBXFileReference; lastKnownFileType = text.plist.strings; name = ja; path = ja.lproj/MainInterface.strings; sourceTree = "<group>"; };
		E1AC86861DDBF4B200B9914A /* Base */ = {isa = PBXFileReference; lastKnownFileType = text.plist.strings; name = Base; path = Base.lproj/Localizable.strings; sourceTree = "<group>"; };
		E1AC86881DDBF4B400B9914A /* en */ = {isa = PBXFileReference; lastKnownFileType = text.plist.strings; name = en; path = en.lproj/Localizable.strings; sourceTree = "<group>"; };
		E1AC86891DDBF4B500B9914A /* ja */ = {isa = PBXFileReference; lastKnownFileType = text.plist.strings; name = ja; path = ja.lproj/Localizable.strings; sourceTree = "<group>"; };
		E1AC868A1DDBF4B600B9914A /* ko */ = {isa = PBXFileReference; lastKnownFileType = text.plist.strings; name = ko; path = ko.lproj/Localizable.strings; sourceTree = "<group>"; };
		E1C4F9D81DD1621B0017F8DA /* PlaceholderTextView.swift */ = {isa = PBXFileReference; fileEncoding = 4; lastKnownFileType = sourcecode.swift; path = PlaceholderTextView.swift; sourceTree = "<group>"; };
		E1CE48B91DD957A10035F5E1 /* StringExtension.swift */ = {isa = PBXFileReference; fileEncoding = 4; lastKnownFileType = sourcecode.swift; path = StringExtension.swift; sourceTree = "<group>"; };
		E1EA46F11DDC1FB800B3F098 /* UIViewControllerAlert.swift */ = {isa = PBXFileReference; fileEncoding = 4; lastKnownFileType = sourcecode.swift; path = UIViewControllerAlert.swift; sourceTree = "<group>"; };
		E1EA47271DDC3B6B00B3F098 /* Koguryo.entitlements */ = {isa = PBXFileReference; lastKnownFileType = text.plist.entitlements; path = Koguryo.entitlements; sourceTree = "<group>"; };
		E1F594461DD555AB0052C44D /* MemoRealmTests.swift */ = {isa = PBXFileReference; fileEncoding = 4; lastKnownFileType = sourcecode.swift; path = MemoRealmTests.swift; sourceTree = "<group>"; };
		E1F594491DD557F20052C44D /* RealmMemo.swift */ = {isa = PBXFileReference; fileEncoding = 4; lastKnownFileType = sourcecode.swift; path = RealmMemo.swift; sourceTree = "<group>"; };
		E1F84B7F1DDC5DC8003B4368 /* MemoListFooterView.swift */ = {isa = PBXFileReference; fileEncoding = 4; lastKnownFileType = sourcecode.swift; path = MemoListFooterView.swift; sourceTree = "<group>"; };
		E1F84B821DDC6195003B4368 /* Base */ = {isa = PBXFileReference; lastKnownFileType = file.xib; name = Base; path = Base.lproj/MemoListFooterView.xib; sourceTree = "<group>"; };
		E1F84B851DDC6197003B4368 /* en */ = {isa = PBXFileReference; lastKnownFileType = text.plist.strings; name = en; path = en.lproj/MemoListFooterView.strings; sourceTree = "<group>"; };
		E1F84B871DDC6198003B4368 /* ko */ = {isa = PBXFileReference; lastKnownFileType = text.plist.strings; name = ko; path = ko.lproj/MemoListFooterView.strings; sourceTree = "<group>"; };
		E1F84B891DDC6199003B4368 /* ja */ = {isa = PBXFileReference; lastKnownFileType = text.plist.strings; name = ja; path = ja.lproj/MemoListFooterView.strings; sourceTree = "<group>"; };
		E1FFADE71DD19B14000AA173 /* WriteMemoViewControllerElementsManager.swift */ = {isa = PBXFileReference; fileEncoding = 4; lastKnownFileType = sourcecode.swift; path = WriteMemoViewControllerElementsManager.swift; sourceTree = "<group>"; };
		E1FFADE91DD19D62000AA173 /* PlaceholderTextField.swift */ = {isa = PBXFileReference; fileEncoding = 4; lastKnownFileType = sourcecode.swift; path = PlaceholderTextField.swift; sourceTree = "<group>"; };
		E419A0B0961458AD3CA031F8 /* Pods_Koguryo.framework */ = {isa = PBXFileReference; explicitFileType = wrapper.framework; includeInIndex = 0; path = Pods_Koguryo.framework; sourceTree = BUILT_PRODUCTS_DIR; };
		F01CFD58BB2EA45E1A8518DC /* Pods_KoguryoTests.framework */ = {isa = PBXFileReference; explicitFileType = wrapper.framework; includeInIndex = 0; path = Pods_KoguryoTests.framework; sourceTree = BUILT_PRODUCTS_DIR; };
/* End PBXFileReference section */

/* Begin PBXFrameworksBuildPhase section */
		E13F6AE21DD03C5500E1BA98 /* Frameworks */ = {
			isa = PBXFrameworksBuildPhase;
			buildActionMask = 2147483647;
			files = (
				F7218D066B930892B3DB4265 /* Pods_Koguryo.framework in Frameworks */,
			);
			runOnlyForDeploymentPostprocessing = 0;
		};
		E13F6AF61DD03C5500E1BA98 /* Frameworks */ = {
			isa = PBXFrameworksBuildPhase;
			buildActionMask = 2147483647;
			files = (
				F7F606F050F2A456664BDCF1 /* Pods_KoguryoTests.framework in Frameworks */,
			);
			runOnlyForDeploymentPostprocessing = 0;
		};
		E1935B391DD30CED00021E35 /* Frameworks */ = {
			isa = PBXFrameworksBuildPhase;
			buildActionMask = 2147483647;
			files = (
				E1935B3E1DD30CED00021E35 /* NotificationCenter.framework in Frameworks */,
			);
			runOnlyForDeploymentPostprocessing = 0;
		};
/* End PBXFrameworksBuildPhase section */

/* Begin PBXGroup section */
		A1A840E51DD4D751002EE4C8 /* Model */ = {
			isa = PBXGroup;
			children = (
				E1805DE71DDC49FD00867240 /* Memo.swift */,
				A1A840E61DD4D766002EE4C8 /* CopyPasteManager.swift */,
			);
			path = Model;
			sourceTree = "<group>";
		};
		C91C4C427FA1524B640FD8EB /* Frameworks */ = {
			isa = PBXGroup;
			children = (
				E419A0B0961458AD3CA031F8 /* Pods_Koguryo.framework */,
				F01CFD58BB2EA45E1A8518DC /* Pods_KoguryoTests.framework */,
				E1935B3D1DD30CED00021E35 /* NotificationCenter.framework */,
			);
			name = Frameworks;
			sourceTree = "<group>";
		};
		CDF841399DF3B8849D853199 /* Pods */ = {
			isa = PBXGroup;
			children = (
				658B6E14CA1E482035C768FB /* Pods-Koguryo.debug.xcconfig */,
				DDC01097025F47DA7B666491 /* Pods-Koguryo.release.xcconfig */,
				B5B6E82D578A33C0C8236FD7 /* Pods-KoguryoTests.debug.xcconfig */,
				711A1B15B8FF31AF6EAA448D /* Pods-KoguryoTests.release.xcconfig */,
			);
			name = Pods;
			sourceTree = "<group>";
		};
		E13F6ADC1DD03C5500E1BA98 = {
			isa = PBXGroup;
			children = (
				E13F6AE71DD03C5500E1BA98 /* Koguryo */,
				E13F6AFC1DD03C5500E1BA98 /* KoguryoTests */,
				E1935B3F1DD30CED00021E35 /* ClipboardExtension */,
				E13F6AE61DD03C5500E1BA98 /* Products */,
				CDF841399DF3B8849D853199 /* Pods */,
				C91C4C427FA1524B640FD8EB /* Frameworks */,
			);
			sourceTree = "<group>";
		};
		E13F6AE61DD03C5500E1BA98 /* Products */ = {
			isa = PBXGroup;
			children = (
				E13F6AE51DD03C5500E1BA98 /* Koguryo.app */,
				E13F6AF91DD03C5500E1BA98 /* KoguryoTests.xctest */,
				E1935B3C1DD30CED00021E35 /* ClipboardExtension.appex */,
			);
			name = Products;
			sourceTree = "<group>";
		};
		E13F6AE71DD03C5500E1BA98 /* Koguryo */ = {
			isa = PBXGroup;
			children = (
				E1EA47271DDC3B6B00B3F098 /* Koguryo.entitlements */,
				E1805DE01DDC3C9D00867240 /* Shared */,
				E13F6B0E1DD0440D00E1BA98 /* Views */,
				E13F6B0D1DD0440D00E1BA98 /* Models */,
				E1FFADE41DD191CA000AA173 /* Manager */,
				E1C4F9D71DD161BD0017F8DA /* Extensions */,
				E13F6B081DD03E5100E1BA98 /* Controllers */,
				E1F594481DD557D50052C44D /* RealmService */,
				E13F6AE81DD03C5500E1BA98 /* AppDelegate.swift */,
				E13F6AEC1DD03C5500E1BA98 /* Main.storyboard */,
				E13F6AEF1DD03C5500E1BA98 /* Assets.xcassets */,
				E13F6AF11DD03C5500E1BA98 /* LaunchScreen.storyboard */,
				E13F6AF41DD03C5500E1BA98 /* Info.plist */,
				E120F5191DD5867F007E8E4F /* config.plist */,
				E13F6B231DD0519800E1BA98 /* Localizable.strings */,
				E159B3421DD975D300211901 /* Koguryo-Bridging-Header.h */,
			);
			path = Koguryo;
			sourceTree = "<group>";
		};
		E13F6AFC1DD03C5500E1BA98 /* KoguryoTests */ = {
			isa = PBXGroup;
			children = (
				E13F6AFF1DD03C5500E1BA98 /* Info.plist */,
				E13F6AFD1DD03C5500E1BA98 /* KoguryoTests.swift */,
				E1F594461DD555AB0052C44D /* MemoRealmTests.swift */,
			);
			path = KoguryoTests;
			sourceTree = "<group>";
		};
		E13F6B081DD03E5100E1BA98 /* Controllers */ = {
			isa = PBXGroup;
			children = (
				E13F6B091DD03E5F00E1BA98 /* MemoListViewController.swift */,
				E13F6B0B1DD03E7600E1BA98 /* WriteMemoViewController.swift */,
			);
			path = Controllers;
			sourceTree = "<group>";
		};
		E13F6B0D1DD0440D00E1BA98 /* Models */ = {
			isa = PBXGroup;
			children = (
				E13F6B131DD04DF300E1BA98 /* MemoManager.swift */,
				E13F6B0F1DD0457900E1BA98 /* MemoListSection.swift */,
			);
			path = Models;
			sourceTree = "<group>";
		};
		E13F6B0E1DD0440D00E1BA98 /* Views */ = {
			isa = PBXGroup;
			children = (
				E1805DEB1DDC4C6D00867240 /* MemoListTableViewCell.xib */,
				E13F6B2A1DD053A000E1BA98 /* MemoListTableViewCell.swift */,
				E1AC86751DDBED0600B9914A /* CopyTextButtonTableViewCell.xib */,
				E13F6B261DD0537900E1BA98 /* CopyTextButtonTableViewCell.swift */,
				E1F84B831DDC6195003B4368 /* MemoListFooterView.xib */,
				E1F84B7F1DDC5DC8003B4368 /* MemoListFooterView.swift */,
			);
			path = Views;
			sourceTree = "<group>";
		};
		E1805DE01DDC3C9D00867240 /* Shared */ = {
			isa = PBXGroup;
			children = (
				E1805DE11DDC3CAA00867240 /* GroupKey.swift */,
			);
			path = Shared;
			sourceTree = "<group>";
		};
		E1935B3F1DD30CED00021E35 /* ClipboardExtension */ = {
			isa = PBXGroup;
			children = (
				E13A44761DD3336C005A0CD9 /* ClipboardExtension.entitlements */,
				A1A840E51DD4D751002EE4C8 /* Model */,
				E1935B4D1DD30DF900021E35 /* Views */,
				E1935B401DD30CED00021E35 /* TodayViewController.swift */,
				E1935B421DD30CED00021E35 /* MainInterface.storyboard */,
				E1935B451DD30CED00021E35 /* Info.plist */,
				E1935B561DD3151F00021E35 /* Assets.xcassets */,
				E1AC86871DDBF4B200B9914A /* Localizable.strings */,
			);
			path = ClipboardExtension;
			sourceTree = "<group>";
		};
		E1935B4D1DD30DF900021E35 /* Views */ = {
			isa = PBXGroup;
			children = (
				E1935B521DD30E1A00021E35 /* MemoListTableViewCell.swift */,
				E1935B531DD30E1A00021E35 /* MemoListTableViewCell.xib */,
				E1935B4E1DD30E0F00021E35 /* AddMemoButtonTableViewCell.swift */,
				E1AC866A1DDBEC7D00B9914A /* AddMemoButtonTableViewCell.xib */,
			);
			path = Views;
			sourceTree = "<group>";
		};
		E1C4F9D71DD161BD0017F8DA /* Extensions */ = {
			isa = PBXGroup;
			children = (
				E17C20E71DD1A990003AD7F2 /* Animationable.swift */,
				E1CE48B91DD957A10035F5E1 /* StringExtension.swift */,
				A19BC8601E2D02DF0075A909 /* NoMarginTextView.swift */,
				E1C4F9D81DD1621B0017F8DA /* PlaceholderTextView.swift */,
				E1FFADE91DD19D62000AA173 /* PlaceholderTextField.swift */,
				E1EA46F11DDC1FB800B3F098 /* UIViewControllerAlert.swift */,
			);
			path = Extensions;
			sourceTree = "<group>";
		};
		E1F594481DD557D50052C44D /* RealmService */ = {
			isa = PBXGroup;
			children = (
				E1F594491DD557F20052C44D /* RealmMemo.swift */,
			);
			path = RealmService;
			sourceTree = "<group>";
		};
		E1FFADE41DD191CA000AA173 /* Manager */ = {
			isa = PBXGroup;
			children = (
				E17C20E91DD1AA6E003AD7F2 /* StoryboardManager.swift */,
				E17C20E31DD1A40B003AD7F2 /* ProgressHudManager.swift */,
				E1FFADE71DD19B14000AA173 /* WriteMemoViewControllerElementsManager.swift */,
			);
			path = Manager;
			sourceTree = "<group>";
		};
/* End PBXGroup section */

/* Begin PBXNativeTarget section */
		E13F6AE41DD03C5500E1BA98 /* Koguryo */ = {
			isa = PBXNativeTarget;
			buildConfigurationList = E13F6B021DD03C5500E1BA98 /* Build configuration list for PBXNativeTarget "Koguryo" */;
			buildPhases = (
				DDD4716EB559CE47FD6D08DB /* [CP] Check Pods Manifest.lock */,
				E13F6AE11DD03C5500E1BA98 /* Sources */,
				E13F6AE21DD03C5500E1BA98 /* Frameworks */,
				E13F6AE31DD03C5500E1BA98 /* Resources */,
				CCC6E111C71BFA698E374F10 /* [CP] Embed Pods Frameworks */,
				9CF5AB1F82A5246B73C41E0E /* [CP] Copy Pods Resources */,
				E1935B4C1DD30CED00021E35 /* Embed App Extensions */,
			);
			buildRules = (
			);
			dependencies = (
				E1935B471DD30CED00021E35 /* PBXTargetDependency */,
			);
			name = Koguryo;
			productName = Koguryo;
			productReference = E13F6AE51DD03C5500E1BA98 /* Koguryo.app */;
			productType = "com.apple.product-type.application";
		};
		E13F6AF81DD03C5500E1BA98 /* KoguryoTests */ = {
			isa = PBXNativeTarget;
			buildConfigurationList = E13F6B051DD03C5500E1BA98 /* Build configuration list for PBXNativeTarget "KoguryoTests" */;
			buildPhases = (
				CDFAE84B98CB9A115A4C0BC5 /* [CP] Check Pods Manifest.lock */,
				E13F6AF51DD03C5500E1BA98 /* Sources */,
				E13F6AF61DD03C5500E1BA98 /* Frameworks */,
				E13F6AF71DD03C5500E1BA98 /* Resources */,
				459441373D8F5516E185C776 /* [CP] Embed Pods Frameworks */,
				FBB5DC5920DB2BE86B43E7F2 /* [CP] Copy Pods Resources */,
			);
			buildRules = (
			);
			dependencies = (
				E13F6AFB1DD03C5500E1BA98 /* PBXTargetDependency */,
			);
			name = KoguryoTests;
			productName = KoguryoTests;
			productReference = E13F6AF91DD03C5500E1BA98 /* KoguryoTests.xctest */;
			productType = "com.apple.product-type.bundle.unit-test";
		};
		E1935B3B1DD30CED00021E35 /* ClipboardExtension */ = {
			isa = PBXNativeTarget;
			buildConfigurationList = E1935B4B1DD30CED00021E35 /* Build configuration list for PBXNativeTarget "ClipboardExtension" */;
			buildPhases = (
				E1935B381DD30CED00021E35 /* Sources */,
				E1935B391DD30CED00021E35 /* Frameworks */,
				E1935B3A1DD30CED00021E35 /* Resources */,
			);
			buildRules = (
			);
			dependencies = (
			);
			name = ClipboardExtension;
			productName = ClipboardExtension;
			productReference = E1935B3C1DD30CED00021E35 /* ClipboardExtension.appex */;
			productType = "com.apple.product-type.app-extension";
		};
/* End PBXNativeTarget section */

/* Begin PBXProject section */
		E13F6ADD1DD03C5500E1BA98 /* Project object */ = {
			isa = PBXProject;
			attributes = {
				LastSwiftUpdateCheck = 0810;
				LastUpgradeCheck = 0820;
				ORGANIZATIONNAME = ODOV;
				TargetAttributes = {
					E13F6AE41DD03C5500E1BA98 = {
						CreatedOnToolsVersion = 8.1;
						DevelopmentTeam = NP69P64E7J;
						LastSwiftMigration = 0810;
						ProvisioningStyle = Automatic;
						SystemCapabilities = {
							com.apple.ApplicationGroups.iOS = {
								enabled = 1;
							};
						};
					};
					E13F6AF81DD03C5500E1BA98 = {
						CreatedOnToolsVersion = 8.1;
						DevelopmentTeam = QWFDFURH3H;
						ProvisioningStyle = Automatic;
						TestTargetID = E13F6AE41DD03C5500E1BA98;
					};
					E1935B3B1DD30CED00021E35 = {
						CreatedOnToolsVersion = 8.1;
						DevelopmentTeam = NP69P64E7J;
						ProvisioningStyle = Automatic;
						SystemCapabilities = {
							com.apple.ApplicationGroups.iOS = {
								enabled = 1;
							};
						};
					};
				};
			};
			buildConfigurationList = E13F6AE01DD03C5500E1BA98 /* Build configuration list for PBXProject "Koguryo" */;
			compatibilityVersion = "Xcode 3.2";
			developmentRegion = English;
			hasScannedForEncodings = 0;
			knownRegions = (
				en,
				Base,
				ko,
				ja,
			);
			mainGroup = E13F6ADC1DD03C5500E1BA98;
			productRefGroup = E13F6AE61DD03C5500E1BA98 /* Products */;
			projectDirPath = "";
			projectRoot = "";
			targets = (
				E13F6AE41DD03C5500E1BA98 /* Koguryo */,
				E13F6AF81DD03C5500E1BA98 /* KoguryoTests */,
				E1935B3B1DD30CED00021E35 /* ClipboardExtension */,
			);
		};
/* End PBXProject section */

/* Begin PBXResourcesBuildPhase section */
		E13F6AE31DD03C5500E1BA98 /* Resources */ = {
			isa = PBXResourcesBuildPhase;
			buildActionMask = 2147483647;
			files = (
				E120F51A1DD5867F007E8E4F /* config.plist in Resources */,
				E13F6AF31DD03C5500E1BA98 /* LaunchScreen.storyboard in Resources */,
				E1805DE91DDC4C6D00867240 /* MemoListTableViewCell.xib in Resources */,
				E1F84B811DDC6195003B4368 /* MemoListFooterView.xib in Resources */,
				E13F6B211DD0519800E1BA98 /* Localizable.strings in Resources */,
				E1AC86731DDBED0600B9914A /* CopyTextButtonTableViewCell.xib in Resources */,
				E13F6AF01DD03C5500E1BA98 /* Assets.xcassets in Resources */,
				E13F6AEE1DD03C5500E1BA98 /* Main.storyboard in Resources */,
			);
			runOnlyForDeploymentPostprocessing = 0;
		};
		E13F6AF71DD03C5500E1BA98 /* Resources */ = {
			isa = PBXResourcesBuildPhase;
			buildActionMask = 2147483647;
			files = (
			);
			runOnlyForDeploymentPostprocessing = 0;
		};
		E1935B3A1DD30CED00021E35 /* Resources */ = {
			isa = PBXResourcesBuildPhase;
			buildActionMask = 2147483647;
			files = (
				E1AC86851DDBF4B200B9914A /* Localizable.strings in Resources */,
				E1935B441DD30CED00021E35 /* MainInterface.storyboard in Resources */,
				E1935B551DD30E1A00021E35 /* MemoListTableViewCell.xib in Resources */,
				E1935B571DD3151F00021E35 /* Assets.xcassets in Resources */,
				E1AC86681DDBEC7D00B9914A /* AddMemoButtonTableViewCell.xib in Resources */,
			);
			runOnlyForDeploymentPostprocessing = 0;
		};
/* End PBXResourcesBuildPhase section */

/* Begin PBXShellScriptBuildPhase section */
		459441373D8F5516E185C776 /* [CP] Embed Pods Frameworks */ = {
			isa = PBXShellScriptBuildPhase;
			buildActionMask = 2147483647;
			files = (
			);
			inputPaths = (
			);
			name = "[CP] Embed Pods Frameworks";
			outputPaths = (
			);
			runOnlyForDeploymentPostprocessing = 0;
			shellPath = /bin/sh;
			shellScript = "\"${SRCROOT}/Pods/Target Support Files/Pods-KoguryoTests/Pods-KoguryoTests-frameworks.sh\"\n";
			showEnvVarsInLog = 0;
		};
		9CF5AB1F82A5246B73C41E0E /* [CP] Copy Pods Resources */ = {
			isa = PBXShellScriptBuildPhase;
			buildActionMask = 2147483647;
			files = (
			);
			inputPaths = (
			);
			name = "[CP] Copy Pods Resources";
			outputPaths = (
			);
			runOnlyForDeploymentPostprocessing = 0;
			shellPath = /bin/sh;
			shellScript = "\"${SRCROOT}/Pods/Target Support Files/Pods-Koguryo/Pods-Koguryo-resources.sh\"\n";
			showEnvVarsInLog = 0;
		};
		CCC6E111C71BFA698E374F10 /* [CP] Embed Pods Frameworks */ = {
			isa = PBXShellScriptBuildPhase;
			buildActionMask = 2147483647;
			files = (
			);
			inputPaths = (
			);
			name = "[CP] Embed Pods Frameworks";
			outputPaths = (
			);
			runOnlyForDeploymentPostprocessing = 0;
			shellPath = /bin/sh;
			shellScript = "\"${SRCROOT}/Pods/Target Support Files/Pods-Koguryo/Pods-Koguryo-frameworks.sh\"\n";
			showEnvVarsInLog = 0;
		};
		CDFAE84B98CB9A115A4C0BC5 /* [CP] Check Pods Manifest.lock */ = {
			isa = PBXShellScriptBuildPhase;
			buildActionMask = 2147483647;
			files = (
			);
			inputPaths = (
			);
			name = "[CP] Check Pods Manifest.lock";
			outputPaths = (
			);
			runOnlyForDeploymentPostprocessing = 0;
			shellPath = /bin/sh;
			shellScript = "diff \"${PODS_ROOT}/../Podfile.lock\" \"${PODS_ROOT}/Manifest.lock\" > /dev/null\nif [ $? != 0 ] ; then\n    # print error to STDERR\n    echo \"error: The sandbox is not in sync with the Podfile.lock. Run 'pod install' or update your CocoaPods installation.\" >&2\n    exit 1\nfi\n";
			showEnvVarsInLog = 0;
		};
		DDD4716EB559CE47FD6D08DB /* [CP] Check Pods Manifest.lock */ = {
			isa = PBXShellScriptBuildPhase;
			buildActionMask = 2147483647;
			files = (
			);
			inputPaths = (
			);
			name = "[CP] Check Pods Manifest.lock";
			outputPaths = (
			);
			runOnlyForDeploymentPostprocessing = 0;
			shellPath = /bin/sh;
			shellScript = "diff \"${PODS_ROOT}/../Podfile.lock\" \"${PODS_ROOT}/Manifest.lock\" > /dev/null\nif [ $? != 0 ] ; then\n    # print error to STDERR\n    echo \"error: The sandbox is not in sync with the Podfile.lock. Run 'pod install' or update your CocoaPods installation.\" >&2\n    exit 1\nfi\n";
			showEnvVarsInLog = 0;
		};
		FBB5DC5920DB2BE86B43E7F2 /* [CP] Copy Pods Resources */ = {
			isa = PBXShellScriptBuildPhase;
			buildActionMask = 2147483647;
			files = (
			);
			inputPaths = (
			);
			name = "[CP] Copy Pods Resources";
			outputPaths = (
			);
			runOnlyForDeploymentPostprocessing = 0;
			shellPath = /bin/sh;
			shellScript = "\"${SRCROOT}/Pods/Target Support Files/Pods-KoguryoTests/Pods-KoguryoTests-resources.sh\"\n";
			showEnvVarsInLog = 0;
		};
/* End PBXShellScriptBuildPhase section */

/* Begin PBXSourcesBuildPhase section */
		E13F6AE11DD03C5500E1BA98 /* Sources */ = {
			isa = PBXSourcesBuildPhase;
			buildActionMask = 2147483647;
			files = (
				E13F6AE91DD03C5500E1BA98 /* AppDelegate.swift in Sources */,
				E1FFADE81DD19B14000AA173 /* WriteMemoViewControllerElementsManager.swift in Sources */,
				E1CE48BA1DD957A10035F5E1 /* StringExtension.swift in Sources */,
				E1F84B801DDC5DC8003B4368 /* MemoListFooterView.swift in Sources */,
				E13F6B141DD04DF300E1BA98 /* MemoManager.swift in Sources */,
				E13F6B0C1DD03E7600E1BA98 /* WriteMemoViewController.swift in Sources */,
				E1F5944A1DD557F20052C44D /* RealmMemo.swift in Sources */,
				E1C4F9D91DD1621B0017F8DA /* PlaceholderTextView.swift in Sources */,
				E13F6B2C1DD053A000E1BA98 /* MemoListTableViewCell.swift in Sources */,
				E13F6B0A1DD03E5F00E1BA98 /* MemoListViewController.swift in Sources */,
				E13F6B281DD0537900E1BA98 /* CopyTextButtonTableViewCell.swift in Sources */,
				E17C20EA1DD1AA6E003AD7F2 /* StoryboardManager.swift in Sources */,
				E1805DE21DDC3CAA00867240 /* GroupKey.swift in Sources */,
				E1EA46F21DDC1FB800B3F098 /* UIViewControllerAlert.swift in Sources */,
				E1FFADEA1DD19D62000AA173 /* PlaceholderTextField.swift in Sources */,
				A19BC8611E2D02DF0075A909 /* NoMarginTextView.swift in Sources */,
				E17C20E81DD1A990003AD7F2 /* Animationable.swift in Sources */,
				E13F6B101DD0457900E1BA98 /* MemoListSection.swift in Sources */,
				E17C20E41DD1A40B003AD7F2 /* ProgressHudManager.swift in Sources */,
			);
			runOnlyForDeploymentPostprocessing = 0;
		};
		E13F6AF51DD03C5500E1BA98 /* Sources */ = {
			isa = PBXSourcesBuildPhase;
			buildActionMask = 2147483647;
			files = (
				E13F6AFE1DD03C5500E1BA98 /* KoguryoTests.swift in Sources */,
				E1F594471DD555AB0052C44D /* MemoRealmTests.swift in Sources */,
			);
			runOnlyForDeploymentPostprocessing = 0;
		};
		E1935B381DD30CED00021E35 /* Sources */ = {
			isa = PBXSourcesBuildPhase;
			buildActionMask = 2147483647;
			files = (
				E1805DE31DDC3F9B00867240 /* GroupKey.swift in Sources */,
				A1A840E71DD4D766002EE4C8 /* CopyPasteManager.swift in Sources */,
				E1935B501DD30E0F00021E35 /* AddMemoButtonTableViewCell.swift in Sources */,
				E1805DE81DDC49FD00867240 /* Memo.swift in Sources */,
				E1935B541DD30E1A00021E35 /* MemoListTableViewCell.swift in Sources */,
				E1935B411DD30CED00021E35 /* TodayViewController.swift in Sources */,
			);
			runOnlyForDeploymentPostprocessing = 0;
		};
/* End PBXSourcesBuildPhase section */

/* Begin PBXTargetDependency section */
		E13F6AFB1DD03C5500E1BA98 /* PBXTargetDependency */ = {
			isa = PBXTargetDependency;
			target = E13F6AE41DD03C5500E1BA98 /* Koguryo */;
			targetProxy = E13F6AFA1DD03C5500E1BA98 /* PBXContainerItemProxy */;
		};
		E1935B471DD30CED00021E35 /* PBXTargetDependency */ = {
			isa = PBXTargetDependency;
			target = E1935B3B1DD30CED00021E35 /* ClipboardExtension */;
			targetProxy = E1935B461DD30CED00021E35 /* PBXContainerItemProxy */;
		};
/* End PBXTargetDependency section */

/* Begin PBXVariantGroup section */
		E13F6AEC1DD03C5500E1BA98 /* Main.storyboard */ = {
			isa = PBXVariantGroup;
			children = (
				E13F6AED1DD03C5500E1BA98 /* Base */,
				E14B14311DD2AC2800BFDC50 /* ja */,
				E1AC86721DDBEC9900B9914A /* en */,
				E1AC867C1DDBEE5B00B9914A /* ko */,
			);
			name = Main.storyboard;
			sourceTree = "<group>";
		};
		E13F6AF11DD03C5500E1BA98 /* LaunchScreen.storyboard */ = {
			isa = PBXVariantGroup;
			children = (
				E13F6AF21DD03C5500E1BA98 /* Base */,
				E13F6B1E1DD0515800E1BA98 /* ko */,
				E14B14321DD2AC2800BFDC50 /* ja */,
			);
			name = LaunchScreen.storyboard;
			sourceTree = "<group>";
		};
		E13F6B231DD0519800E1BA98 /* Localizable.strings */ = {
			isa = PBXVariantGroup;
			children = (
				E13F6B221DD0519800E1BA98 /* Base */,
				E13F6B241DD0519E00E1BA98 /* en */,
				E13F6B251DD0519F00E1BA98 /* ko */,
				E14B14331DD2AC2800BFDC50 /* ja */,
			);
			name = Localizable.strings;
			sourceTree = "<group>";
		};
		E1805DEB1DDC4C6D00867240 /* MemoListTableViewCell.xib */ = {
			isa = PBXVariantGroup;
			children = (
				E1805DEA1DDC4C6D00867240 /* Base */,
				E1805DED1DDC4C6F00867240 /* en */,
				E1805DEF1DDC4C7000867240 /* ko */,
				E1805DF11DDC4C7100867240 /* ja */,
			);
			name = MemoListTableViewCell.xib;
			sourceTree = "<group>";
		};
		E1935B421DD30CED00021E35 /* MainInterface.storyboard */ = {
			isa = PBXVariantGroup;
			children = (
				E1935B431DD30CED00021E35 /* Base */,
				E1AC867E1DDBEEE600B9914A /* en */,
				E1AC86801DDBEEE800B9914A /* ko */,
				E1AC86821DDBEEE900B9914A /* ja */,
			);
			name = MainInterface.storyboard;
			sourceTree = "<group>";
		};
		E1AC866A1DDBEC7D00B9914A /* AddMemoButtonTableViewCell.xib */ = {
			isa = PBXVariantGroup;
			children = (
				E1AC86691DDBEC7D00B9914A /* Base */,
				E1AC866C1DDBEC7F00B9914A /* en */,
				E1AC866E1DDBEC8000B9914A /* ko */,
				E1AC86701DDBEC8200B9914A /* ja */,
			);
			name = AddMemoButtonTableViewCell.xib;
			sourceTree = "<group>";
		};
		E1AC86751DDBED0600B9914A /* CopyTextButtonTableViewCell.xib */ = {
			isa = PBXVariantGroup;
			children = (
				E1AC86741DDBED0600B9914A /* Base */,
				E1AC86771DDBED0700B9914A /* en */,
				A164C6661E20D7FD00089F5C /* ko */,
				A164C6671E20D80000089F5C /* ja */,
			);
			name = CopyTextButtonTableViewCell.xib;
			sourceTree = "<group>";
		};
		E1AC86871DDBF4B200B9914A /* Localizable.strings */ = {
			isa = PBXVariantGroup;
			children = (
				E1AC86861DDBF4B200B9914A /* Base */,
				E1AC86881DDBF4B400B9914A /* en */,
				E1AC86891DDBF4B500B9914A /* ja */,
				E1AC868A1DDBF4B600B9914A /* ko */,
			);
			name = Localizable.strings;
			sourceTree = "<group>";
		};
		E1F84B831DDC6195003B4368 /* MemoListFooterView.xib */ = {
			isa = PBXVariantGroup;
			children = (
				E1F84B821DDC6195003B4368 /* Base */,
				E1F84B851DDC6197003B4368 /* en */,
				E1F84B871DDC6198003B4368 /* ko */,
				E1F84B891DDC6199003B4368 /* ja */,
			);
			name = MemoListFooterView.xib;
			sourceTree = "<group>";
		};
/* End PBXVariantGroup section */

/* Begin XCBuildConfiguration section */
		E13F6B001DD03C5500E1BA98 /* Debug */ = {
			isa = XCBuildConfiguration;
			buildSettings = {
				ALWAYS_SEARCH_USER_PATHS = NO;
				CLANG_ANALYZER_LOCALIZABILITY_NONLOCALIZED = YES;
				CLANG_ANALYZER_NONNULL = YES;
				CLANG_CXX_LANGUAGE_STANDARD = "gnu++0x";
				CLANG_CXX_LIBRARY = "libc++";
				CLANG_ENABLE_MODULES = YES;
				CLANG_ENABLE_OBJC_ARC = YES;
				CLANG_WARN_BOOL_CONVERSION = YES;
				CLANG_WARN_CONSTANT_CONVERSION = YES;
				CLANG_WARN_DIRECT_OBJC_ISA_USAGE = YES_ERROR;
				CLANG_WARN_DOCUMENTATION_COMMENTS = YES;
				CLANG_WARN_EMPTY_BODY = YES;
				CLANG_WARN_ENUM_CONVERSION = YES;
				CLANG_WARN_INFINITE_RECURSION = YES;
				CLANG_WARN_INT_CONVERSION = YES;
				CLANG_WARN_OBJC_ROOT_CLASS = YES_ERROR;
				CLANG_WARN_SUSPICIOUS_MOVE = YES;
				CLANG_WARN_SUSPICIOUS_MOVES = YES;
				CLANG_WARN_UNREACHABLE_CODE = YES;
				CLANG_WARN__DUPLICATE_METHOD_MATCH = YES;
				"CODE_SIGN_IDENTITY[sdk=iphoneos*]" = "iPhone Developer";
				COPY_PHASE_STRIP = NO;
				DEBUG_INFORMATION_FORMAT = dwarf;
				ENABLE_STRICT_OBJC_MSGSEND = YES;
				ENABLE_TESTABILITY = YES;
				GCC_C_LANGUAGE_STANDARD = gnu99;
				GCC_DYNAMIC_NO_PIC = NO;
				GCC_NO_COMMON_BLOCKS = YES;
				GCC_OPTIMIZATION_LEVEL = 0;
				GCC_PREPROCESSOR_DEFINITIONS = (
					"DEBUG=1",
					"$(inherited)",
				);
				GCC_WARN_64_TO_32_BIT_CONVERSION = YES;
				GCC_WARN_ABOUT_RETURN_TYPE = YES_ERROR;
				GCC_WARN_UNDECLARED_SELECTOR = YES;
				GCC_WARN_UNINITIALIZED_AUTOS = YES_AGGRESSIVE;
				GCC_WARN_UNUSED_FUNCTION = YES;
				GCC_WARN_UNUSED_VARIABLE = YES;
				IPHONEOS_DEPLOYMENT_TARGET = 9.0;
				MTL_ENABLE_DEBUG_INFO = YES;
				ONLY_ACTIVE_ARCH = YES;
				SDKROOT = iphoneos;
				SWIFT_ACTIVE_COMPILATION_CONDITIONS = DEBUG;
				SWIFT_OPTIMIZATION_LEVEL = "-Onone";
			};
			name = Debug;
		};
		E13F6B011DD03C5500E1BA98 /* Release */ = {
			isa = XCBuildConfiguration;
			buildSettings = {
				ALWAYS_SEARCH_USER_PATHS = NO;
				CLANG_ANALYZER_LOCALIZABILITY_NONLOCALIZED = YES;
				CLANG_ANALYZER_NONNULL = YES;
				CLANG_CXX_LANGUAGE_STANDARD = "gnu++0x";
				CLANG_CXX_LIBRARY = "libc++";
				CLANG_ENABLE_MODULES = YES;
				CLANG_ENABLE_OBJC_ARC = YES;
				CLANG_WARN_BOOL_CONVERSION = YES;
				CLANG_WARN_CONSTANT_CONVERSION = YES;
				CLANG_WARN_DIRECT_OBJC_ISA_USAGE = YES_ERROR;
				CLANG_WARN_DOCUMENTATION_COMMENTS = YES;
				CLANG_WARN_EMPTY_BODY = YES;
				CLANG_WARN_ENUM_CONVERSION = YES;
				CLANG_WARN_INFINITE_RECURSION = YES;
				CLANG_WARN_INT_CONVERSION = YES;
				CLANG_WARN_OBJC_ROOT_CLASS = YES_ERROR;
				CLANG_WARN_SUSPICIOUS_MOVE = YES;
				CLANG_WARN_SUSPICIOUS_MOVES = YES;
				CLANG_WARN_UNREACHABLE_CODE = YES;
				CLANG_WARN__DUPLICATE_METHOD_MATCH = YES;
				"CODE_SIGN_IDENTITY[sdk=iphoneos*]" = "iPhone Developer";
				COPY_PHASE_STRIP = NO;
				DEBUG_INFORMATION_FORMAT = "dwarf-with-dsym";
				ENABLE_NS_ASSERTIONS = NO;
				ENABLE_STRICT_OBJC_MSGSEND = YES;
				GCC_C_LANGUAGE_STANDARD = gnu99;
				GCC_NO_COMMON_BLOCKS = YES;
				GCC_WARN_64_TO_32_BIT_CONVERSION = YES;
				GCC_WARN_ABOUT_RETURN_TYPE = YES_ERROR;
				GCC_WARN_UNDECLARED_SELECTOR = YES;
				GCC_WARN_UNINITIALIZED_AUTOS = YES_AGGRESSIVE;
				GCC_WARN_UNUSED_FUNCTION = YES;
				GCC_WARN_UNUSED_VARIABLE = YES;
				IPHONEOS_DEPLOYMENT_TARGET = 9.0;
				MTL_ENABLE_DEBUG_INFO = NO;
				SDKROOT = iphoneos;
				SWIFT_OPTIMIZATION_LEVEL = "-Owholemodule";
				VALIDATE_PRODUCT = YES;
			};
			name = Release;
		};
		E13F6B031DD03C5500E1BA98 /* Debug */ = {
			isa = XCBuildConfiguration;
			baseConfigurationReference = 658B6E14CA1E482035C768FB /* Pods-Koguryo.debug.xcconfig */;
			buildSettings = {
				ALWAYS_EMBED_SWIFT_STANDARD_LIBRARIES = YES;
				ASSETCATALOG_COMPILER_APPICON_NAME = AppIcon;
				CLANG_ENABLE_MODULES = YES;
				CODE_SIGN_ENTITLEMENTS = Koguryo/Koguryo.entitlements;
				DEVELOPMENT_TEAM = NP69P64E7J;
				INFOPLIST_FILE = Koguryo/Info.plist;
				IPHONEOS_DEPLOYMENT_TARGET = 9.0;
				LD_RUNPATH_SEARCH_PATHS = "$(inherited) @executable_path/Frameworks";
				PRODUCT_BUNDLE_IDENTIFIER = com.odov.jsworld.pinyo;
				PRODUCT_NAME = "$(TARGET_NAME)";
				SWIFT_OBJC_BRIDGING_HEADER = "Koguryo/Koguryo-Bridging-Header.h";
				SWIFT_OPTIMIZATION_LEVEL = "-Onone";
				SWIFT_VERSION = 3.0;
			};
			name = Debug;
		};
		E13F6B041DD03C5500E1BA98 /* Release */ = {
			isa = XCBuildConfiguration;
			baseConfigurationReference = DDC01097025F47DA7B666491 /* Pods-Koguryo.release.xcconfig */;
			buildSettings = {
				ALWAYS_EMBED_SWIFT_STANDARD_LIBRARIES = YES;
				ASSETCATALOG_COMPILER_APPICON_NAME = AppIcon;
				CLANG_ENABLE_MODULES = YES;
				CODE_SIGN_ENTITLEMENTS = Koguryo/Koguryo.entitlements;
				DEVELOPMENT_TEAM = NP69P64E7J;
				INFOPLIST_FILE = Koguryo/Info.plist;
				IPHONEOS_DEPLOYMENT_TARGET = 9.0;
				LD_RUNPATH_SEARCH_PATHS = "$(inherited) @executable_path/Frameworks";
				PRODUCT_BUNDLE_IDENTIFIER = com.odov.jsworld.pinyo;
				PRODUCT_NAME = "$(TARGET_NAME)";
				SWIFT_OBJC_BRIDGING_HEADER = "Koguryo/Koguryo-Bridging-Header.h";
				SWIFT_VERSION = 3.0;
			};
			name = Release;
		};
		E13F6B061DD03C5500E1BA98 /* Debug */ = {
			isa = XCBuildConfiguration;
			baseConfigurationReference = B5B6E82D578A33C0C8236FD7 /* Pods-KoguryoTests.debug.xcconfig */;
			buildSettings = {
				ALWAYS_EMBED_SWIFT_STANDARD_LIBRARIES = YES;
				BUNDLE_LOADER = "$(TEST_HOST)";
				DEVELOPMENT_TEAM = QWFDFURH3H;
				INFOPLIST_FILE = KoguryoTests/Info.plist;
				LD_RUNPATH_SEARCH_PATHS = "$(inherited) @executable_path/Frameworks @loader_path/Frameworks";
				PRODUCT_BUNDLE_IDENTIFIER = com.tiger.odov.KoguryoTests;
				PRODUCT_NAME = "$(TARGET_NAME)";
				SWIFT_VERSION = 3.0;
				TEST_HOST = "$(BUILT_PRODUCTS_DIR)/Koguryo.app/Koguryo";
			};
			name = Debug;
		};
		E13F6B071DD03C5500E1BA98 /* Release */ = {
			isa = XCBuildConfiguration;
			baseConfigurationReference = 711A1B15B8FF31AF6EAA448D /* Pods-KoguryoTests.release.xcconfig */;
			buildSettings = {
				ALWAYS_EMBED_SWIFT_STANDARD_LIBRARIES = YES;
				BUNDLE_LOADER = "$(TEST_HOST)";
				DEVELOPMENT_TEAM = QWFDFURH3H;
				INFOPLIST_FILE = KoguryoTests/Info.plist;
				LD_RUNPATH_SEARCH_PATHS = "$(inherited) @executable_path/Frameworks @loader_path/Frameworks";
				PRODUCT_BUNDLE_IDENTIFIER = com.tiger.odov.KoguryoTests;
				PRODUCT_NAME = "$(TARGET_NAME)";
				SWIFT_VERSION = 3.0;
				TEST_HOST = "$(BUILT_PRODUCTS_DIR)/Koguryo.app/Koguryo";
			};
			name = Release;
		};
		E1935B491DD30CED00021E35 /* Debug */ = {
			isa = XCBuildConfiguration;
			buildSettings = {
				CODE_SIGN_ENTITLEMENTS = ClipboardExtension/ClipboardExtension.entitlements;
				DEVELOPMENT_TEAM = NP69P64E7J;
				INFOPLIST_FILE = ClipboardExtension/Info.plist;
				IPHONEOS_DEPLOYMENT_TARGET = 9.0;
				LD_RUNPATH_SEARCH_PATHS = "$(inherited) @executable_path/Frameworks @executable_path/../../Frameworks";
				PRODUCT_BUNDLE_IDENTIFIER = com.odov.jsworld.pinyo.clipboard;
				PRODUCT_NAME = "$(TARGET_NAME)";
				SKIP_INSTALL = YES;
				SWIFT_VERSION = 3.0;
			};
			name = Debug;
		};
		E1935B4A1DD30CED00021E35 /* Release */ = {
			isa = XCBuildConfiguration;
			buildSettings = {
				CODE_SIGN_ENTITLEMENTS = ClipboardExtension/ClipboardExtension.entitlements;
				DEVELOPMENT_TEAM = NP69P64E7J;
				INFOPLIST_FILE = ClipboardExtension/Info.plist;
				IPHONEOS_DEPLOYMENT_TARGET = 9.0;
				LD_RUNPATH_SEARCH_PATHS = "$(inherited) @executable_path/Frameworks @executable_path/../../Frameworks";
				PRODUCT_BUNDLE_IDENTIFIER = com.odov.jsworld.pinyo.clipboard;
				PRODUCT_NAME = "$(TARGET_NAME)";
				SKIP_INSTALL = YES;
				SWIFT_VERSION = 3.0;
			};
			name = Release;
		};
/* End XCBuildConfiguration section */

/* Begin XCConfigurationList section */
		E13F6AE01DD03C5500E1BA98 /* Build configuration list for PBXProject "Koguryo" */ = {
			isa = XCConfigurationList;
			buildConfigurations = (
				E13F6B001DD03C5500E1BA98 /* Debug */,
				E13F6B011DD03C5500E1BA98 /* Release */,
			);
			defaultConfigurationIsVisible = 0;
			defaultConfigurationName = Release;
		};
		E13F6B021DD03C5500E1BA98 /* Build configuration list for PBXNativeTarget "Koguryo" */ = {
			isa = XCConfigurationList;
			buildConfigurations = (
				E13F6B031DD03C5500E1BA98 /* Debug */,
				E13F6B041DD03C5500E1BA98 /* Release */,
			);
			defaultConfigurationIsVisible = 0;
			defaultConfigurationName = Release;
		};
		E13F6B051DD03C5500E1BA98 /* Build configuration list for PBXNativeTarget "KoguryoTests" */ = {
			isa = XCConfigurationList;
			buildConfigurations = (
				E13F6B061DD03C5500E1BA98 /* Debug */,
				E13F6B071DD03C5500E1BA98 /* Release */,
			);
			defaultConfigurationIsVisible = 0;
			defaultConfigurationName = Release;
		};
		E1935B4B1DD30CED00021E35 /* Build configuration list for PBXNativeTarget "ClipboardExtension" */ = {
			isa = XCConfigurationList;
			buildConfigurations = (
				E1935B491DD30CED00021E35 /* Debug */,
				E1935B4A1DD30CED00021E35 /* Release */,
			);
			defaultConfigurationIsVisible = 0;
			defaultConfigurationName = Release;
		};
/* End XCConfigurationList section */
	};
	rootObject = E13F6ADD1DD03C5500E1BA98 /* Project object */;
}
